
Microsoft Visual Studio Solution File, Format Version 12.00
# Visual Studio Version 17
VisualStudioVersion = 17.4.33403.182
MinimumVisualStudioVersion = 10.0.40219.1
Project("{9A19103F-16F7-4668-BE54-9A1E7A4F7556}") = "Core", "Core\Core.csproj", "{B0EF909E-4C5E-4C50-BEA0-1FB8855A2EC4}"
EndProject
Project("{9A19103F-16F7-4668-BE54-9A1E7A4F7556}") = "Data", "Data\Data.csproj", "{51B90DC4-8A38-4663-85B0-218301384B27}"
EndProject
Project("{9A19103F-16F7-4668-BE54-9A1E7A4F7556}") = "Presentation", "Presentation\Presentation.csproj", "{70E0768B-AEA4-41F5-B07B-DFA8A27B07B0}"
EndProject
Global
	GlobalSection(SolutionConfigurationPlatforms) = preSolution
		Debug|Any CPU = Debug|Any CPU
		Release|Any CPU = Release|Any CPU
	EndGlobalSection
	GlobalSection(ProjectConfigurationPlatforms) = postSolution
		{B0EF909E-4C5E-4C50-BEA0-1FB8855A2EC4}.Debug|Any CPU.ActiveCfg = Debug|Any CPU
		{B0EF909E-4C5E-4C50-BEA0-1FB8855A2EC4}.Debug|Any CPU.Build.0 = Debug|Any CPU
		{B0EF909E-4C5E-4C50-BEA0-1FB8855A2EC4}.Release|Any CPU.ActiveCfg = Release|Any CPU
		{B0EF909E-4C5E-4C50-BEA0-1FB8855A2EC4}.Release|Any CPU.Build.0 = Release|Any CPU
		{51B90DC4-8A38-4663-85B0-218301384B27}.Debug|Any CPU.ActiveCfg = Debug|Any CPU
		{51B90DC4-8A38-4663-85B0-218301384B27}.Debug|Any CPU.Build.0 = Debug|Any CPU
		{51B90DC4-8A38-4663-85B0-218301384B27}.Release|Any CPU.ActiveCfg = Release|Any CPU
		{51B90DC4-8A38-4663-85B0-218301384B27}.Release|Any CPU.Build.0 = Release|Any CPU
		{70E0768B-AEA4-41F5-B07B-DFA8A27B07B0}.Debug|Any CPU.ActiveCfg = Debug|Any CPU
		{70E0768B-AEA4-41F5-B07B-DFA8A27B07B0}.Debug|Any CPU.Build.0 = Debug|Any CPU
		{70E0768B-AEA4-41F5-B07B-DFA8A27B07B0}.Release|Any CPU.ActiveCfg = Release|Any CPU
		{70E0768B-AEA4-41F5-B07B-DFA8A27B07B0}.Release|Any CPU.Build.0 = Release|Any CPU
	EndGlobalSection
	GlobalSection(SolutionProperties) = preSolution
		HideSolutionNode = FALSE
	EndGlobalSection
	GlobalSection(ExtensibilityGlobals) = postSolution
		SolutionGuid = {2C1BBFFA-CD09-4F5A-BBC4-2EA35F2EAB29}
	EndGlobalSection
EndGlobal
